
Microsoft Visual Studio Solution File, Format Version 12.00
# Visual Studio Version 16
VisualStudioVersion = 16.0.28917.182
MinimumVisualStudioVersion = 10.0.40219.1
Project("{FAE04EC0-301F-11D3-BF4B-00C04F79EFBC}") = "AppLogger", "AppLogger.csproj", "{8B7D619A-B124-42BF-833A-2D45CC53F125}"
EndProject
Global
	GlobalSection(SolutionConfigurationPlatforms) = preSolution
		Debug|Any CPU = Debug|Any CPU
		Release|Any CPU = Release|Any CPU
	EndGlobalSection
	GlobalSection(ProjectConfigurationPlatforms) = postSolution
		{8B7D619A-B124-42BF-833A-2D45CC53F125}.Debug|Any CPU.ActiveCfg = Debug|Any CPU
		{8B7D619A-B124-42BF-833A-2D45CC53F125}.Debug|Any CPU.Build.0 = Debug|Any CPU
		{8B7D619A-B124-42BF-833A-2D45CC53F125}.Release|Any CPU.ActiveCfg = Release|Any CPU
		{8B7D619A-B124-42BF-833A-2D45CC53F125}.Release|Any CPU.Build.0 = Release|Any CPU
	EndGlobalSection
	GlobalSection(SolutionProperties) = preSolution
		HideSolutionNode = FALSE
	EndGlobalSection
	GlobalSection(ExtensibilityGlobals) = postSolution
		SolutionGuid = {CD18FB0B-DEE0-449A-9FAE-B703AA2EF810}
	EndGlobalSection
EndGlobal
